
Microsoft Visual Studio Solution File, Format Version 12.00
# Visual Studio Version 16
VisualStudioVersion = 16.0.29911.84
MinimumVisualStudioVersion = 10.0.40219.1
Project("{FAE04EC0-301F-11D3-BF4B-00C04F79EFBC}") = "InchesToCentimetersGUI", "InchesToCentimetersGUI\InchesToCentimetersGUI.csproj", "{37432E10-045D-4EEF-BE72-0CC4F712D2A5}"
EndProject
Global
	GlobalSection(SolutionConfigurationPlatforms) = preSolution
		Debug|Any CPU = Debug|Any CPU
		Release|Any CPU = Release|Any CPU
	EndGlobalSection
	GlobalSection(ProjectConfigurationPlatforms) = postSolution
		{37432E10-045D-4EEF-BE72-0CC4F712D2A5}.Debug|Any CPU.ActiveCfg = Debug|Any CPU
		{37432E10-045D-4EEF-BE72-0CC4F712D2A5}.Debug|Any CPU.Build.0 = Debug|Any CPU
		{37432E10-045D-4EEF-BE72-0CC4F712D2A5}.Release|Any CPU.ActiveCfg = Release|Any CPU
		{37432E10-045D-4EEF-BE72-0CC4F712D2A5}.Release|Any CPU.Build.0 = Release|Any CPU
	EndGlobalSection
	GlobalSection(SolutionProperties) = preSolution
		HideSolutionNode = FALSE
	EndGlobalSection
	GlobalSection(ExtensibilityGlobals) = postSolution
		SolutionGuid = {6BCD60E9-03ED-4C7C-BFE5-2DA26A60909E}
	EndGlobalSection
EndGlobal
