
Microsoft Visual Studio Solution File, Format Version 12.00
# Visual Studio Version 16
VisualStudioVersion = 16.0.29911.84
MinimumVisualStudioVersion = 10.0.40219.1
Project("{FAE04EC0-301F-11D3-BF4B-00C04F79EFBC}") = "ProjectedRaisesGUI", "ProjectedRaisesGUI\ProjectedRaisesGUI.csproj", "{2D47A517-FF8F-42C2-97CE-9E28D68E705F}"
EndProject
Global
	GlobalSection(SolutionConfigurationPlatforms) = preSolution
		Debug|Any CPU = Debug|Any CPU
		Release|Any CPU = Release|Any CPU
	EndGlobalSection
	GlobalSection(ProjectConfigurationPlatforms) = postSolution
		{2D47A517-FF8F-42C2-97CE-9E28D68E705F}.Debug|Any CPU.ActiveCfg = Debug|Any CPU
		{2D47A517-FF8F-42C2-97CE-9E28D68E705F}.Debug|Any CPU.Build.0 = Debug|Any CPU
		{2D47A517-FF8F-42C2-97CE-9E28D68E705F}.Release|Any CPU.ActiveCfg = Release|Any CPU
		{2D47A517-FF8F-42C2-97CE-9E28D68E705F}.Release|Any CPU.Build.0 = Release|Any CPU
	EndGlobalSection
	GlobalSection(SolutionProperties) = preSolution
		HideSolutionNode = FALSE
	EndGlobalSection
	GlobalSection(ExtensibilityGlobals) = postSolution
		SolutionGuid = {7B233176-DE1A-4883-9CFE-7478D8E68114}
	EndGlobalSection
EndGlobal
