
Microsoft Visual Studio Solution File, Format Version 12.00
# Visual Studio Version 16
VisualStudioVersion = 16.0.29911.84
MinimumVisualStudioVersion = 10.0.40219.1
Project("{FAE04EC0-301F-11D3-BF4B-00C04F79EFBC}") = "MoveEstimatorGUI", "MoveEstimatorGUI\MoveEstimatorGUI.csproj", "{335F13A2-46C1-4BCE-9D54-578D5644C96D}"
EndProject
Global
	GlobalSection(SolutionConfigurationPlatforms) = preSolution
		Debug|Any CPU = Debug|Any CPU
		Release|Any CPU = Release|Any CPU
	EndGlobalSection
	GlobalSection(ProjectConfigurationPlatforms) = postSolution
		{335F13A2-46C1-4BCE-9D54-578D5644C96D}.Debug|Any CPU.ActiveCfg = Debug|Any CPU
		{335F13A2-46C1-4BCE-9D54-578D5644C96D}.Debug|Any CPU.Build.0 = Debug|Any CPU
		{335F13A2-46C1-4BCE-9D54-578D5644C96D}.Release|Any CPU.ActiveCfg = Release|Any CPU
		{335F13A2-46C1-4BCE-9D54-578D5644C96D}.Release|Any CPU.Build.0 = Release|Any CPU
	EndGlobalSection
	GlobalSection(SolutionProperties) = preSolution
		HideSolutionNode = FALSE
	EndGlobalSection
	GlobalSection(ExtensibilityGlobals) = postSolution
		SolutionGuid = {6841D6EB-36C1-4D5D-8075-1D58D999B9CB}
	EndGlobalSection
EndGlobal
